// !$*UTF8*$!
{
	archiveVersion = 1;
	classes = {
	};
	objectVersion = 77;
	objects = {

/* Begin PBXBuildFile section */
		9D5B03FD5CEEE6BC883B37F8 /* Pods_FaceTrackApp.framework in Frameworks */ = {isa = PBXBuildFile; fileRef = 42EE06BE584F079C6C4A121F /* Pods_FaceTrackApp.framework */; };
/* End PBXBuildFile section */

/* Begin PBXContainerItemProxy section */
		100BF9A62E1E2ACE00AD1220 /* PBXContainerItemProxy */ = {
			isa = PBXContainerItemProxy;
			containerPortal = 100BF9902E1E2ACD00AD1220 /* Project object */;
			proxyType = 1;
			remoteGlobalIDString = 100BF9972E1E2ACD00AD1220;
			remoteInfo = FaceTrackApp;
		};
		100BF9B02E1E2ACE00AD1220 /* PBXContainerItemProxy */ = {
			isa = PBXContainerItemProxy;
			containerPortal = 100BF9902E1E2ACD00AD1220 /* Project object */;
			proxyType = 1;
			remoteGlobalIDString = 100BF9972E1E2ACD00AD1220;
			remoteInfo = FaceTrackApp;
		};
/* End PBXContainerItemProxy section */

/* Begin PBXFileReference section */
		100BF9982E1E2ACD00AD1220 /* FaceTrackApp.app */ = {isa = PBXFileReference; explicitFileType = wrapper.application; includeInIndex = 0; path = FaceTrackApp.app; sourceTree = BUILT_PRODUCTS_DIR; };
		100BF9A52E1E2ACE00AD1220 /* FaceTrackAppTests.xctest */ = {isa = PBXFileReference; explicitFileType = wrapper.cfbundle; includeInIndex = 0; path = FaceTrackAppTests.xctest; sourceTree = BUILT_PRODUCTS_DIR; };
		100BF9AF2E1E2ACE00AD1220 /* FaceTrackAppUITests.xctest */ = {isa = PBXFileReference; explicitFileType = wrapper.cfbundle; includeInIndex = 0; path = FaceTrackAppUITests.xctest; sourceTree = BUILT_PRODUCTS_DIR; };
		26AC7620F6027A8A58F02528 /* Pods-FaceTrackApp.release.xcconfig */ = {isa = PBXFileReference; includeInIndex = 1; lastKnownFileType = text.xcconfig; name = "Pods-FaceTrackApp.release.xcconfig"; path = "Target Support Files/Pods-FaceTrackApp/Pods-FaceTrackApp.release.xcconfig"; sourceTree = "<group>"; };
		37751DEEF3E71881A6F0795C /* Pods-FaceTrackApp.debug.xcconfig */ = {isa = PBXFileReference; includeInIndex = 1; lastKnownFileType = text.xcconfig; name = "Pods-FaceTrackApp.debug.xcconfig"; path = "Target Support Files/Pods-FaceTrackApp/Pods-FaceTrackApp.debug.xcconfig"; sourceTree = "<group>"; };
		42EE06BE584F079C6C4A121F /* Pods_FaceTrackApp.framework */ = {isa = PBXFileReference; explicitFileType = wrapper.framework; includeInIndex = 0; path = Pods_FaceTrackApp.framework; sourceTree = BUILT_PRODUCTS_DIR; };
/* End PBXFileReference section */

/* Begin PBXFileSystemSynchronizedRootGroup section */
		100BF99A2E1E2ACD00AD1220 /* FaceTrackApp */ = {
			isa = PBXFileSystemSynchronizedRootGroup;
			path = FaceTrackApp;
			sourceTree = "<group>";
		};
		100BF9A82E1E2ACE00AD1220 /* FaceTrackAppTests */ = {
			isa = PBXFileSystemSynchronizedRootGroup;
			path = FaceTrackAppTests;
			sourceTree = "<group>";
		};
		100BF9B22E1E2ACE00AD1220 /* FaceTrackAppUITests */ = {
			isa = PBXFileSystemSynchronizedRootGroup;
			path = FaceTrackAppUITests;
			sourceTree = "<group>";
		};
/* End PBXFileSystemSynchronizedRootGroup section */

/* Begin PBXFrameworksBuildPhase section */
		100BF9952E1E2ACD00AD1220 /* Frameworks */ = {
			isa = PBXFrameworksBuildPhase;
			buildActionMask = 2147483647;
			files = (
				9D5B03FD5CEEE6BC883B37F8 /* Pods_FaceTrackApp.framework in Frameworks */,
			);
			runOnlyForDeploymentPostprocessing = 0;
		};
		100BF9A22E1E2ACE00AD1220 /* Frameworks */ = {
			isa = PBXFrameworksBuildPhase;
			buildActionMask = 2147483647;
			files = (
			);
			runOnlyForDeploymentPostprocessing = 0;
		};
		100BF9AC2E1E2ACE00AD1220 /* Frameworks */ = {
			isa = PBXFrameworksBuildPhase;
			buildActionMask = 2147483647;
			files = (
			);
			runOnlyForDeploymentPostprocessing = 0;
		};
/* End PBXFrameworksBuildPhase section */

/* Begin PBXGroup section */
		100BF98F2E1E2ACD00AD1220 = {
			isa = PBXGroup;
			children = (
				100BF99A2E1E2ACD00AD1220 /* FaceTrackApp */,
				100BF9A82E1E2ACE00AD1220 /* FaceTrackAppTests */,
				100BF9B22E1E2ACE00AD1220 /* FaceTrackAppUITests */,
				100BF9992E1E2ACD00AD1220 /* Products */,
				64107F7A173B5C073A2EF614 /* Pods */,
				B21AC4B074062FE4DB1A5030 /* Frameworks */,
			);
			sourceTree = "<group>";
		};
		100BF9992E1E2ACD00AD1220 /* Products */ = {
			isa = PBXGroup;
			children = (
				100BF9982E1E2ACD00AD1220 /* FaceTrackApp.app */,
				100BF9A52E1E2ACE00AD1220 /* FaceTrackAppTests.xctest */,
				100BF9AF2E1E2ACE00AD1220 /* FaceTrackAppUITests.xctest */,
			);
			name = Products;
			sourceTree = "<group>";
		};
		64107F7A173B5C073A2EF614 /* Pods */ = {
			isa = PBXGroup;
			children = (
				37751DEEF3E71881A6F0795C /* Pods-FaceTrackApp.debug.xcconfig */,
				26AC7620F6027A8A58F02528 /* Pods-FaceTrackApp.release.xcconfig */,
			);
			path = Pods;
			sourceTree = "<group>";
		};
		B21AC4B074062FE4DB1A5030 /* Frameworks */ = {
			isa = PBXGroup;
			children = (
				42EE06BE584F079C6C4A121F /* Pods_FaceTrackApp.framework */,
			);
			name = Frameworks;
			sourceTree = "<group>";
		};
/* End PBXGroup section */

/* Begin PBXNativeTarget section */
		100BF9972E1E2ACD00AD1220 /* FaceTrackApp */ = {
			isa = PBXNativeTarget;
			buildConfigurationList = 100BF9B92E1E2ACE00AD1220 /* Build configuration list for PBXNativeTarget "FaceTrackApp" */;
			buildPhases = (
				0A8F2E48418814856F41A217 /* [CP] Check Pods Manifest.lock */,
				100BF9942E1E2ACD00AD1220 /* Sources */,
				100BF9952E1E2ACD00AD1220 /* Frameworks */,
				100BF9962E1E2ACD00AD1220 /* Resources */,
				42F5A2E3F75D88EE1B7EFBF1 /* [CP] Embed Pods Frameworks */,
				14EA08593E197E20D4D18010 /* [CP] Copy Pods Resources */,
			);
			buildRules = (
			);
			dependencies = (
			);
			fileSystemSynchronizedGroups = (
				100BF99A2E1E2ACD00AD1220 /* FaceTrackApp */,
			);
			name = FaceTrackApp;
			productName = FaceTrackApp;
			productReference = 100BF9982E1E2ACD00AD1220 /* FaceTrackApp.app */;
			productType = "com.apple.product-type.application";
		};
		100BF9A42E1E2ACE00AD1220 /* FaceTrackAppTests */ = {
			isa = PBXNativeTarget;
			buildConfigurationList = 100BF9BC2E1E2ACE00AD1220 /* Build configuration list for PBXNativeTarget "FaceTrackAppTests" */;
			buildPhases = (
				100BF9A12E1E2ACE00AD1220 /* Sources */,
				100BF9A22E1E2ACE00AD1220 /* Frameworks */,
				100BF9A32E1E2ACE00AD1220 /* Resources */,
			);
			buildRules = (
			);
			dependencies = (
				100BF9A72E1E2ACE00AD1220 /* PBXTargetDependency */,
			);
			fileSystemSynchronizedGroups = (
				100BF9A82E1E2ACE00AD1220 /* FaceTrackAppTests */,
			);
			name = FaceTrackAppTests;
			productName = FaceTrackAppTests;
			productReference = 100BF9A52E1E2ACE00AD1220 /* FaceTrackAppTests.xctest */;
			productType = "com.apple.product-type.bundle.unit-test";
		};
		100BF9AE2E1E2ACE00AD1220 /* FaceTrackAppUITests */ = {
			isa = PBXNativeTarget;
			buildConfigurationList = 100BF9BF2E1E2ACE00AD1220 /* Build configuration list for PBXNativeTarget "FaceTrackAppUITests" */;
			buildPhases = (
				100BF9AB2E1E2ACE00AD1220 /* Sources */,
				100BF9AC2E1E2ACE00AD1220 /* Frameworks */,
				100BF9AD2E1E2ACE00AD1220 /* Resources */,
			);
			buildRules = (
			);
			dependencies = (
				100BF9B12E1E2ACE00AD1220 /* PBXTargetDependency */,
			);
			fileSystemSynchronizedGroups = (
				100BF9B22E1E2ACE00AD1220 /* FaceTrackAppUITests */,
			);
			name = FaceTrackAppUITests;
			productName = FaceTrackAppUITests;
			productReference = 100BF9AF2E1E2ACE00AD1220 /* FaceTrackAppUITests.xctest */;
			productType = "com.apple.product-type.bundle.ui-testing";
		};
/* End PBXNativeTarget section */

/* Begin PBXProject section */
		100BF9902E1E2ACD00AD1220 /* Project object */ = {
			isa = PBXProject;
			attributes = {
				BuildIndependentTargetsInParallel = 1;
				LastSwiftUpdateCheck = 1640;
				LastUpgradeCheck = 1640;
				TargetAttributes = {
					100BF9972E1E2ACD00AD1220 = {
						CreatedOnToolsVersion = 16.4;
					};
					100BF9A42E1E2ACE00AD1220 = {
						CreatedOnToolsVersion = 16.4;
						TestTargetID = 100BF9972E1E2ACD00AD1220;
					};
					100BF9AE2E1E2ACE00AD1220 = {
						CreatedOnToolsVersion = 16.4;
						TestTargetID = 100BF9972E1E2ACD00AD1220;
					};
				};
			};
			buildConfigurationList = 100BF9932E1E2ACD00AD1220 /* Build configuration list for PBXProject "FaceTrackApp" */;
			developmentRegion = en;
			hasScannedForEncodings = 0;
			knownRegions = (
				en,
				Base,
			);
			mainGroup = 100BF98F2E1E2ACD00AD1220;
			minimizedProjectReferenceProxies = 1;
			preferredProjectObjectVersion = 77;
			productRefGroup = 100BF9992E1E2ACD00AD1220 /* Products */;
			projectDirPath = "";
			projectRoot = "";
			targets = (
				100BF9972E1E2ACD00AD1220 /* FaceTrackApp */,
				100BF9A42E1E2ACE00AD1220 /* FaceTrackAppTests */,
				100BF9AE2E1E2ACE00AD1220 /* FaceTrackAppUITests */,
			);
		};
/* End PBXProject section */

/* Begin PBXResourcesBuildPhase section */
		100BF9962E1E2ACD00AD1220 /* Resources */ = {
			isa = PBXResourcesBuildPhase;
			buildActionMask = 2147483647;
			files = (
			);
			runOnlyForDeploymentPostprocessing = 0;
		};
		100BF9A32E1E2ACE00AD1220 /* Resources */ = {
			isa = PBXResourcesBuildPhase;
			buildActionMask = 2147483647;
			files = (
			);
			runOnlyForDeploymentPostprocessing = 0;
		};
		100BF9AD2E1E2ACE00AD1220 /* Resources */ = {
			isa = PBXResourcesBuildPhase;
			buildActionMask = 2147483647;
			files = (
			);
			runOnlyForDeploymentPostprocessing = 0;
		};
/* End PBXResourcesBuildPhase section */

/* Begin PBXShellScriptBuildPhase section */
		0A8F2E48418814856F41A217 /* [CP] Check Pods Manifest.lock */ = {
			isa = PBXShellScriptBuildPhase;
			buildActionMask = 2147483647;
			files = (
			);
			inputFileListPaths = (
			);
			inputPaths = (
				"${PODS_PODFILE_DIR_PATH}/Podfile.lock",
				"${PODS_ROOT}/Manifest.lock",
			);
			name = "[CP] Check Pods Manifest.lock";
			outputFileListPaths = (
			);
			outputPaths = (
				"$(DERIVED_FILE_DIR)/Pods-FaceTrackApp-checkManifestLockResult.txt",
			);
			runOnlyForDeploymentPostprocessing = 0;
			shellPath = /bin/sh;
			shellScript = "diff \"${PODS_PODFILE_DIR_PATH}/Podfile.lock\" \"${PODS_ROOT}/Manifest.lock\" > /dev/null\nif [ $? != 0 ] ; then\n    # print error to STDERR\n    echo \"error: The sandbox is not in sync with the Podfile.lock. Run 'pod install' or update your CocoaPods installation.\" >&2\n    exit 1\nfi\n# This output is used by Xcode 'outputs' to avoid re-running this script phase.\necho \"SUCCESS\" > \"${SCRIPT_OUTPUT_FILE_0}\"\n";
			showEnvVarsInLog = 0;
		};
		14EA08593E197E20D4D18010 /* [CP] Copy Pods Resources */ = {
			isa = PBXShellScriptBuildPhase;
			buildActionMask = 2147483647;
			files = (
			);
			inputFileListPaths = (
				"${PODS_ROOT}/Target Support Files/Pods-FaceTrackApp/Pods-FaceTrackApp-resources-${CONFIGURATION}-input-files.xcfilelist",
			);
			inputPaths = (
			);
			name = "[CP] Copy Pods Resources";
			outputFileListPaths = (
				"${PODS_ROOT}/Target Support Files/Pods-FaceTrackApp/Pods-FaceTrackApp-resources-${CONFIGURATION}-output-files.xcfilelist",
			);
			outputPaths = (
			);
			runOnlyForDeploymentPostprocessing = 0;
			shellPath = /bin/sh;
			shellScript = "\"${PODS_ROOT}/Target Support Files/Pods-FaceTrackApp/Pods-FaceTrackApp-resources.sh\"\n";
			showEnvVarsInLog = 0;
		};
		42F5A2E3F75D88EE1B7EFBF1 /* [CP] Embed Pods Frameworks */ = {
			isa = PBXShellScriptBuildPhase;
			buildActionMask = 2147483647;
			files = (
			);
			inputFileListPaths = (
				"${PODS_ROOT}/Target Support Files/Pods-FaceTrackApp/Pods-FaceTrackApp-frameworks-${CONFIGURATION}-input-files.xcfilelist",
			);
			inputPaths = (
			);
			name = "[CP] Embed Pods Frameworks";
			outputFileListPaths = (
				"${PODS_ROOT}/Target Support Files/Pods-FaceTrackApp/Pods-FaceTrackApp-frameworks-${CONFIGURATION}-output-files.xcfilelist",
			);
			outputPaths = (
			);
			runOnlyForDeploymentPostprocessing = 0;
			shellPath = /bin/sh;
			shellScript = "\"${PODS_ROOT}/Target Support Files/Pods-FaceTrackApp/Pods-FaceTrackApp-frameworks.sh\"\n";
			showEnvVarsInLog = 0;
		};
/* End PBXShellScriptBuildPhase section */

/* Begin PBXSourcesBuildPhase section */
		100BF9942E1E2ACD00AD1220 /* Sources */ = {
			isa = PBXSourcesBuildPhase;
			buildActionMask = 2147483647;
			files = (
			);
			runOnlyForDeploymentPostprocessing = 0;
		};
		100BF9A12E1E2ACE00AD1220 /* Sources */ = {
			isa = PBXSourcesBuildPhase;
			buildActionMask = 2147483647;
			files = (
			);
			runOnlyForDeploymentPostprocessing = 0;
		};
		100BF9AB2E1E2ACE00AD1220 /* Sources */ = {
			isa = PBXSourcesBuildPhase;
			buildActionMask = 2147483647;
			files = (
			);
			runOnlyForDeploymentPostprocessing = 0;
		};
/* End PBXSourcesBuildPhase section */

/* Begin PBXTargetDependency section */
		100BF9A72E1E2ACE00AD1220 /* PBXTargetDependency */ = {
			isa = PBXTargetDependency;
			target = 100BF9972E1E2ACD00AD1220 /* FaceTrackApp */;
			targetProxy = 100BF9A62E1E2ACE00AD1220 /* PBXContainerItemProxy */;
		};
		100BF9B12E1E2ACE00AD1220 /* PBXTargetDependency */ = {
			isa = PBXTargetDependency;
			target = 100BF9972E1E2ACD00AD1220 /* FaceTrackApp */;
			targetProxy = 100BF9B02E1E2ACE00AD1220 /* PBXContainerItemProxy */;
		};
/* End PBXTargetDependency section */

/* Begin XCBuildConfiguration section */
		100BF9B72E1E2ACE00AD1220 /* Debug */ = {
			isa = XCBuildConfiguration;
			buildSettings = {
				ALWAYS_SEARCH_USER_PATHS = NO;
				ASSETCATALOG_COMPILER_GENERATE_SWIFT_ASSET_SYMBOL_EXTENSIONS = YES;
				CLANG_ANALYZER_NONNULL = YES;
				CLANG_ANALYZER_NUMBER_OBJECT_CONVERSION = YES_AGGRESSIVE;
				CLANG_CXX_LANGUAGE_STANDARD = "gnu++20";
				CLANG_ENABLE_MODULES = YES;
				CLANG_ENABLE_OBJC_ARC = YES;
				CLANG_ENABLE_OBJC_WEAK = YES;
				CLANG_WARN_BLOCK_CAPTURE_AUTORELEASING = YES;
				CLANG_WARN_BOOL_CONVERSION = YES;
				CLANG_WARN_COMMA = YES;
				CLANG_WARN_CONSTANT_CONVERSION = YES;
				CLANG_WARN_DEPRECATED_OBJC_IMPLEMENTATIONS = YES;
				CLANG_WARN_DIRECT_OBJC_ISA_USAGE = YES_ERROR;
				CLANG_WARN_DOCUMENTATION_COMMENTS = YES;
				CLANG_WARN_EMPTY_BODY = YES;
				CLANG_WARN_ENUM_CONVERSION = YES;
				CLANG_WARN_INFINITE_RECURSION = YES;
				CLANG_WARN_INT_CONVERSION = YES;
				CLANG_WARN_NON_LITERAL_NULL_CONVERSION = YES;
				CLANG_WARN_OBJC_IMPLICIT_RETAIN_SELF = YES;
				CLANG_WARN_OBJC_LITERAL_CONVERSION = YES;
				CLANG_WARN_OBJC_ROOT_CLASS = YES_ERROR;
				CLANG_WARN_QUOTED_INCLUDE_IN_FRAMEWORK_HEADER = YES;
				CLANG_WARN_RANGE_LOOP_ANALYSIS = YES;
				CLANG_WARN_STRICT_PROTOTYPES = YES;
				CLANG_WARN_SUSPICIOUS_MOVE = YES;
				CLANG_WARN_UNGUARDED_AVAILABILITY = YES_AGGRESSIVE;
				CLANG_WARN_UNREACHABLE_CODE = YES;
				CLANG_WARN__DUPLICATE_METHOD_MATCH = YES;
				COPY_PHASE_STRIP = NO;
				DEBUG_INFORMATION_FORMAT = dwarf;
				ENABLE_STRICT_OBJC_MSGSEND = YES;
				ENABLE_TESTABILITY = YES;
				ENABLE_USER_SCRIPT_SANDBOXING = YES;
				GCC_C_LANGUAGE_STANDARD = gnu17;
				GCC_DYNAMIC_NO_PIC = NO;
				GCC_NO_COMMON_BLOCKS = YES;
				GCC_OPTIMIZATION_LEVEL = 0;
				GCC_PREPROCESSOR_DEFINITIONS = (
					"DEBUG=1",
					"$(inherited)",
				);
				GCC_WARN_64_TO_32_BIT_CONVERSION = YES;
				GCC_WARN_ABOUT_RETURN_TYPE = YES_ERROR;
				GCC_WARN_UNDECLARED_SELECTOR = YES;
				GCC_WARN_UNINITIALIZED_AUTOS = YES_AGGRESSIVE;
				GCC_WARN_UNUSED_FUNCTION = YES;
				GCC_WARN_UNUSED_VARIABLE = YES;
				IPHONEOS_DEPLOYMENT_TARGET = 18.0;
				LOCALIZATION_PREFERS_STRING_CATALOGS = YES;
				MTL_ENABLE_DEBUG_INFO = INCLUDE_SOURCE;
				MTL_FAST_MATH = YES;
				ONLY_ACTIVE_ARCH = YES;
				SDKROOT = iphoneos;
				SWIFT_ACTIVE_COMPILATION_CONDITIONS = "DEBUG $(inherited)";
				SWIFT_OPTIMIZATION_LEVEL = "-Onone";
			};
			name = Debug;
		};
		100BF9B82E1E2ACE00AD1220 /* Release */ = {
			isa = XCBuildConfiguration;
			buildSettings = {
				ALWAYS_SEARCH_USER_PATHS = NO;
				ASSETCATALOG_COMPILER_GENERATE_SWIFT_ASSET_SYMBOL_EXTENSIONS = YES;
				CLANG_ANALYZER_NONNULL = YES;
				CLANG_ANALYZER_NUMBER_OBJECT_CONVERSION = YES_AGGRESSIVE;
				CLANG_CXX_LANGUAGE_STANDARD = "gnu++20";
				CLANG_ENABLE_MODULES = YES;
				CLANG_ENABLE_OBJC_ARC = YES;
				CLANG_ENABLE_OBJC_WEAK = YES;
				CLANG_WARN_BLOCK_CAPTURE_AUTORELEASING = YES;
				CLANG_WARN_BOOL_CONVERSION = YES;
				CLANG_WARN_COMMA = YES;
				CLANG_WARN_CONSTANT_CONVERSION = YES;
				CLANG_WARN_DEPRECATED_OBJC_IMPLEMENTATIONS = YES;
				CLANG_WARN_DIRECT_OBJC_ISA_USAGE = YES_ERROR;
				CLANG_WARN_DOCUMENTATION_COMMENTS = YES;
				CLANG_WARN_EMPTY_BODY = YES;
				CLANG_WARN_ENUM_CONVERSION = YES;
				CLANG_WARN_INFINITE_RECURSION = YES;
				CLANG_WARN_INT_CONVERSION = YES;
				CLANG_WARN_NON_LITERAL_NULL_CONVERSION = YES;
				CLANG_WARN_OBJC_IMPLICIT_RETAIN_SELF = YES;
				CLANG_WARN_OBJC_LITERAL_CONVERSION = YES;
				CLANG_WARN_OBJC_ROOT_CLASS = YES_ERROR;
				CLANG_WARN_QUOTED_INCLUDE_IN_FRAMEWORK_HEADER = YES;
				CLANG_WARN_RANGE_LOOP_ANALYSIS = YES;
				CLANG_WARN_STRICT_PROTOTYPES = YES;
				CLANG_WARN_SUSPICIOUS_MOVE = YES;
				CLANG_WARN_UNGUARDED_AVAILABILITY = YES_AGGRESSIVE;
				CLANG_WARN_UNREACHABLE_CODE = YES;
				CLANG_WARN__DUPLICATE_METHOD_MATCH = YES;
				COPY_PHASE_STRIP = NO;
				DEBUG_INFORMATION_FORMAT = "dwarf-with-dsym";
				ENABLE_NS_ASSERTIONS = NO;
				ENABLE_STRICT_OBJC_MSGSEND = YES;
				ENABLE_USER_SCRIPT_SANDBOXING = YES;
				GCC_C_LANGUAGE_STANDARD = gnu17;
				GCC_NO_COMMON_BLOCKS = YES;
				GCC_WARN_64_TO_32_BIT_CONVERSION = YES;
				GCC_WARN_ABOUT_RETURN_TYPE = YES_ERROR;
				GCC_WARN_UNDECLARED_SELECTOR = YES;
				GCC_WARN_UNINITIALIZED_AUTOS = YES_AGGRESSIVE;
				GCC_WARN_UNUSED_FUNCTION = YES;
				GCC_WARN_UNUSED_VARIABLE = YES;
				IPHONEOS_DEPLOYMENT_TARGET = 18.0;
				LOCALIZATION_PREFERS_STRING_CATALOGS = YES;
				MTL_ENABLE_DEBUG_INFO = NO;
				MTL_FAST_MATH = YES;
				SDKROOT = iphoneos;
				SWIFT_COMPILATION_MODE = wholemodule;
				VALIDATE_PRODUCT = YES;
			};
			name = Release;
		};
		100BF9BA2E1E2ACE00AD1220 /* Debug */ = {
			isa = XCBuildConfiguration;
			baseConfigurationReference = 37751DEEF3E71881A6F0795C /* Pods-FaceTrackApp.debug.xcconfig */;
			buildSettings = {
				ASSETCATALOG_COMPILER_APPICON_NAME = AppIcon;
				ASSETCATALOG_COMPILER_GLOBAL_ACCENT_COLOR_NAME = AccentColor;
				ASSETCATALOG_COMPILER_INCLUDE_INFOPLIST_LOCALIZATIONS = YES;
				CODE_SIGN_STYLE = Automatic;
				CURRENT_PROJECT_VERSION = 1;
				DEVELOPMENT_TEAM = LNW6G4WGTN;
				DONT_GENERATE_INFOPLIST_FILE = NO;
				ENABLE_ON_DEMAND_RESOURCES = YES;
				ENABLE_PREVIEWS = YES;
				ENABLE_USER_SCRIPT_SANDBOXING = NO;
				GENERATE_INFOPLIST_FILE = YES;
				INFOPLIST_EXPAND_BUILD_SETTINGS = YES;
				INFOPLIST_FILE = "";
				INFOPLIST_KEY_NSCameraUsageDescription = "This app uses the camera to track your face.";
				INFOPLIST_KEY_UIApplicationSceneManifest_Generation = YES;
				INFOPLIST_KEY_UIApplicationSupportsIndirectInputEvents = YES;
				INFOPLIST_KEY_UILaunchScreen_Generation = YES;
				INFOPLIST_KEY_UISupportedInterfaceOrientations_iPad = "UIInterfaceOrientationPortrait UIInterfaceOrientationPortraitUpsideDown UIInterfaceOrientationLandscapeLeft UIInterfaceOrientationLandscapeRight";
				INFOPLIST_KEY_UISupportedInterfaceOrientations_iPhone = "UIInterfaceOrientationPortrait UIInterfaceOrientationLandscapeLeft UIInterfaceOrientationLandscapeRight";
				INFOPLIST_PREPROCESS = YES;
				IPHONEOS_DEPLOYMENT_TARGET = 18.0;
				"IPHONEOS_DEPLOYMENT_TARGET[sdk=iphoneos*]" = 18.0;
				LD_RUNPATH_SEARCH_PATHS = (
					"$(inherited)",
					"@executable_path/Frameworks",
				);
				MARKETING_VERSION = 1.0;
				PRODUCT_BUNDLE_IDENTIFIER = Fer.FaceTrackApp;
				PRODUCT_NAME = "$(TARGET_NAME)";
				STRINGS_FILE_INFOPLIST_RENAME = YES;
				SUPPORTED_PLATFORMS = "iphoneos iphonesimulator";
				SUPPORTS_MACCATALYST = NO;
				SUPPORTS_MAC_DESIGNED_FOR_IPHONE_IPAD = NO;
				SUPPORTS_XR_DESIGNED_FOR_IPHONE_IPAD = NO;
				SWIFT_EMIT_LOC_STRINGS = YES;
				SWIFT_VERSION = 5.0;
				TARGETED_DEVICE_FAMILY = "1,2";
			};
			name = Debug;
		};
		100BF9BB2E1E2ACE00AD1220 /* Release */ = {
			isa = XCBuildConfiguration;
			baseConfigurationReference = 26AC7620F6027A8A58F02528 /* Pods-FaceTrackApp.release.xcconfig */;
			buildSettings = {
				ASSETCATALOG_COMPILER_APPICON_NAME = AppIcon;
				ASSETCATALOG_COMPILER_GLOBAL_ACCENT_COLOR_NAME = AccentColor;
				ASSETCATALOG_COMPILER_INCLUDE_INFOPLIST_LOCALIZATIONS = YES;
				CODE_SIGN_STYLE = Automatic;
				CURRENT_PROJECT_VERSION = 1;
				DEVELOPMENT_TEAM = LNW6G4WGTN;
				DONT_GENERATE_INFOPLIST_FILE = NO;
				ENABLE_ON_DEMAND_RESOURCES = YES;
				ENABLE_PREVIEWS = YES;
				ENABLE_USER_SCRIPT_SANDBOXING = NO;
				GENERATE_INFOPLIST_FILE = YES;
				INFOPLIST_EXPAND_BUILD_SETTINGS = YES;
				INFOPLIST_FILE = "";
				INFOPLIST_KEY_NSCameraUsageDescription = "This app uses the camera to track your face.";
				INFOPLIST_KEY_UIApplicationSceneManifest_Generation = YES;
				INFOPLIST_KEY_UIApplicationSupportsIndirectInputEvents = YES;
				INFOPLIST_KEY_UILaunchScreen_Generation = YES;
				INFOPLIST_KEY_UISupportedInterfaceOrientations_iPad = "UIInterfaceOrientationPortrait UIInterfaceOrientationPortraitUpsideDown UIInterfaceOrientationLandscapeLeft UIInterfaceOrientationLandscapeRight";
				INFOPLIST_KEY_UISupportedInterfaceOrientations_iPhone = "UIInterfaceOrientationPortrait UIInterfaceOrientationLandscapeLeft UIInterfaceOrientationLandscapeRight";
				INFOPLIST_PREPROCESS = YES;
				IPHONEOS_DEPLOYMENT_TARGET = 18.0;
				LD_RUNPATH_SEARCH_PATHS = (
					"$(inherited)",
					"@executable_path/Frameworks",
				);
				MARKETING_VERSION = 1.0;
				PRODUCT_BUNDLE_IDENTIFIER = Fer.FaceTrackApp;
				PRODUCT_NAME = "$(TARGET_NAME)";
				STRINGS_FILE_INFOPLIST_RENAME = YES;
				SUPPORTED_PLATFORMS = "iphoneos iphonesimulator";
				SUPPORTS_MACCATALYST = NO;
				SUPPORTS_MAC_DESIGNED_FOR_IPHONE_IPAD = NO;
				SUPPORTS_XR_DESIGNED_FOR_IPHONE_IPAD = NO;
				SWIFT_EMIT_LOC_STRINGS = YES;
				SWIFT_VERSION = 5.0;
				TARGETED_DEVICE_FAMILY = "1,2";
			};
			name = Release;
		};
		100BF9BD2E1E2ACE00AD1220 /* Debug */ = {
			isa = XCBuildConfiguration;
			buildSettings = {
				BUNDLE_LOADER = "$(TEST_HOST)";
				CODE_SIGN_STYLE = Automatic;
				CURRENT_PROJECT_VERSION = 1;
				GENERATE_INFOPLIST_FILE = YES;
				IPHONEOS_DEPLOYMENT_TARGET = 18.5;
				MARKETING_VERSION = 1.0;
				PRODUCT_BUNDLE_IDENTIFIER = Fer.FaceTrackAppTests;
				PRODUCT_NAME = "$(TARGET_NAME)";
				SWIFT_EMIT_LOC_STRINGS = NO;
				SWIFT_VERSION = 5.0;
				TARGETED_DEVICE_FAMILY = "1,2";
				TEST_HOST = "$(BUILT_PRODUCTS_DIR)/FaceTrackApp.app/$(BUNDLE_EXECUTABLE_FOLDER_PATH)/FaceTrackApp";
			};
			name = Debug;
		};
		100BF9BE2E1E2ACE00AD1220 /* Release */ = {
			isa = XCBuildConfiguration;
			buildSettings = {
				BUNDLE_LOADER = "$(TEST_HOST)";
				CODE_SIGN_STYLE = Automatic;
				CURRENT_PROJECT_VERSION = 1;
				GENERATE_INFOPLIST_FILE = YES;
				IPHONEOS_DEPLOYMENT_TARGET = 18.5;
				MARKETING_VERSION = 1.0;
				PRODUCT_BUNDLE_IDENTIFIER = Fer.FaceTrackAppTests;
				PRODUCT_NAME = "$(TARGET_NAME)";
				SWIFT_EMIT_LOC_STRINGS = NO;
				SWIFT_VERSION = 5.0;
				TARGETED_DEVICE_FAMILY = "1,2";
				TEST_HOST = "$(BUILT_PRODUCTS_DIR)/FaceTrackApp.app/$(BUNDLE_EXECUTABLE_FOLDER_PATH)/FaceTrackApp";
			};
			name = Release;
		};
		100BF9C02E1E2ACE00AD1220 /* Debug */ = {
			isa = XCBuildConfiguration;
			buildSettings = {
				CODE_SIGN_STYLE = Automatic;
				CURRENT_PROJECT_VERSION = 1;
				GENERATE_INFOPLIST_FILE = YES;
				MARKETING_VERSION = 1.0;
				PRODUCT_BUNDLE_IDENTIFIER = Fer.FaceTrackAppUITests;
				PRODUCT_NAME = "$(TARGET_NAME)";
				SWIFT_EMIT_LOC_STRINGS = NO;
				SWIFT_VERSION = 5.0;
				TARGETED_DEVICE_FAMILY = "1,2";
				TEST_TARGET_NAME = FaceTrackApp;
			};
			name = Debug;
		};
		100BF9C12E1E2ACE00AD1220 /* Release */ = {
			isa = XCBuildConfiguration;
			buildSettings = {
				CODE_SIGN_STYLE = Automatic;
				CURRENT_PROJECT_VERSION = 1;
				GENERATE_INFOPLIST_FILE = YES;
				MARKETING_VERSION = 1.0;
				PRODUCT_BUNDLE_IDENTIFIER = Fer.FaceTrackAppUITests;
				PRODUCT_NAME = "$(TARGET_NAME)";
				SWIFT_EMIT_LOC_STRINGS = NO;
				SWIFT_VERSION = 5.0;
				TARGETED_DEVICE_FAMILY = "1,2";
				TEST_TARGET_NAME = FaceTrackApp;
			};
			name = Release;
		};
/* End XCBuildConfiguration section */

/* Begin XCConfigurationList section */
		100BF9932E1E2ACD00AD1220 /* Build configuration list for PBXProject "FaceTrackApp" */ = {
			isa = XCConfigurationList;
			buildConfigurations = (
				100BF9B72E1E2ACE00AD1220 /* Debug */,
				100BF9B82E1E2ACE00AD1220 /* Release */,
			);
			defaultConfigurationIsVisible = 0;
			defaultConfigurationName = Release;
		};
		100BF9B92E1E2ACE00AD1220 /* Build configuration list for PBXNativeTarget "FaceTrackApp" */ = {
			isa = XCConfigurationList;
			buildConfigurations = (
				100BF9BA2E1E2ACE00AD1220 /* Debug */,
				100BF9BB2E1E2ACE00AD1220 /* Release */,
			);
			defaultConfigurationIsVisible = 0;
			defaultConfigurationName = Release;
		};
		100BF9BC2E1E2ACE00AD1220 /* Build configuration list for PBXNativeTarget "FaceTrackAppTests" */ = {
			isa = XCConfigurationList;
			buildConfigurations = (
				100BF9BD2E1E2ACE00AD1220 /* Debug */,
				100BF9BE2E1E2ACE00AD1220 /* Release */,
			);
			defaultConfigurationIsVisible = 0;
			defaultConfigurationName = Release;
		};
		100BF9BF2E1E2ACE00AD1220 /* Build configuration list for PBXNativeTarget "FaceTrackAppUITests" */ = {
			isa = XCConfigurationList;
			buildConfigurations = (
				100BF9C02E1E2ACE00AD1220 /* Debug */,
				100BF9C12E1E2ACE00AD1220 /* Release */,
			);
			defaultConfigurationIsVisible = 0;
			defaultConfigurationName = Release;
		};
/* End XCConfigurationList section */
	};
	rootObject = 100BF9902E1E2ACD00AD1220 /* Project object */;
}
